
Microsoft Visual Studio Solution File, Format Version 12.00
# Visual Studio Version 17
VisualStudioVersion = 17.0.31919.166
MinimumVisualStudioVersion = 10.0.40219.1
Project("{FAE04EC0-301F-11D3-BF4B-00C04F79EFBC}") = "Exemplo1_AO", "Exemplo1_AO.csproj", "{71837E17-42EA-4360-AD2C-0C442D65DEE4}"
EndProject
Global
	GlobalSection(SolutionConfigurationPlatforms) = preSolution
		Debug|Any CPU = Debug|Any CPU
		Release|Any CPU = Release|Any CPU
	EndGlobalSection
	GlobalSection(ProjectConfigurationPlatforms) = postSolution
		{71837E17-42EA-4360-AD2C-0C442D65DEE4}.Debug|Any CPU.ActiveCfg = Debug|Any CPU
		{71837E17-42EA-4360-AD2C-0C442D65DEE4}.Debug|Any CPU.Build.0 = Debug|Any CPU
		{71837E17-42EA-4360-AD2C-0C442D65DEE4}.Release|Any CPU.ActiveCfg = Release|Any CPU
		{71837E17-42EA-4360-AD2C-0C442D65DEE4}.Release|Any CPU.Build.0 = Release|Any CPU
	EndGlobalSection
	GlobalSection(SolutionProperties) = preSolution
		HideSolutionNode = FALSE
	EndGlobalSection
	GlobalSection(ExtensibilityGlobals) = postSolution
		SolutionGuid = {C2272097-C417-4825-B2B9-F85CF30FDF8A}
	EndGlobalSection
EndGlobal
