
Microsoft Visual Studio Solution File, Format Version 12.00
# Visual Studio Version 17
VisualStudioVersion = 17.0.31919.166
MinimumVisualStudioVersion = 10.0.40219.1
Project("{FAE04EC0-301F-11D3-BF4B-00C04F79EFBC}") = "APPCalculosDeArea", "APPCalculosDeArea.csproj", "{0F0BB9AE-A1C2-4B3F-9009-A33D61CE5729}"
EndProject
Global
	GlobalSection(SolutionConfigurationPlatforms) = preSolution
		Debug|Any CPU = Debug|Any CPU
		Release|Any CPU = Release|Any CPU
	EndGlobalSection
	GlobalSection(ProjectConfigurationPlatforms) = postSolution
		{0F0BB9AE-A1C2-4B3F-9009-A33D61CE5729}.Debug|Any CPU.ActiveCfg = Debug|Any CPU
		{0F0BB9AE-A1C2-4B3F-9009-A33D61CE5729}.Debug|Any CPU.Build.0 = Debug|Any CPU
		{0F0BB9AE-A1C2-4B3F-9009-A33D61CE5729}.Release|Any CPU.ActiveCfg = Release|Any CPU
		{0F0BB9AE-A1C2-4B3F-9009-A33D61CE5729}.Release|Any CPU.Build.0 = Release|Any CPU
	EndGlobalSection
	GlobalSection(SolutionProperties) = preSolution
		HideSolutionNode = FALSE
	EndGlobalSection
	GlobalSection(ExtensibilityGlobals) = postSolution
		SolutionGuid = {84B066D9-454A-4FEA-A88F-874B8E3B2108}
	EndGlobalSection
EndGlobal
