
Microsoft Visual Studio Solution File, Format Version 12.00
# Visual Studio Version 17
VisualStudioVersion = 17.0.31919.166
MinimumVisualStudioVersion = 10.0.40219.1
Project("{FAE04EC0-301F-11D3-BF4B-00C04F79EFBC}") = "AppLoteria", "AppLoteria\AppLoteria.csproj", "{A0A7D558-6DCC-4485-91EA-037EAC7DDDB6}"
EndProject
Global
	GlobalSection(SolutionConfigurationPlatforms) = preSolution
		Debug|Any CPU = Debug|Any CPU
		Release|Any CPU = Release|Any CPU
	EndGlobalSection
	GlobalSection(ProjectConfigurationPlatforms) = postSolution
		{A0A7D558-6DCC-4485-91EA-037EAC7DDDB6}.Debug|Any CPU.ActiveCfg = Debug|Any CPU
		{A0A7D558-6DCC-4485-91EA-037EAC7DDDB6}.Debug|Any CPU.Build.0 = Debug|Any CPU
		{A0A7D558-6DCC-4485-91EA-037EAC7DDDB6}.Release|Any CPU.ActiveCfg = Release|Any CPU
		{A0A7D558-6DCC-4485-91EA-037EAC7DDDB6}.Release|Any CPU.Build.0 = Release|Any CPU
	EndGlobalSection
	GlobalSection(SolutionProperties) = preSolution
		HideSolutionNode = FALSE
	EndGlobalSection
	GlobalSection(ExtensibilityGlobals) = postSolution
		SolutionGuid = {D80FD65A-0EDE-4262-A98F-13D1DFFFE9C1}
	EndGlobalSection
EndGlobal
